# This file was autogenerated by uv via the following command:
#    uv pip compile backend/requirements.txt -o backend/requirements.lock --python .venv/bin/python
annotated-doc==0.0.5
    # via fastapi
annotated-types==0.8.0
    # via pydantic
anyio==4.15.1
    # via
    #   httpx
    #   starlette
    #   watchfiles
certifi==2026.7.22
    # via
    #   httpcore
    #   httpx
    #   requests
charset-normalizer==3.5.1
    # via requests
click==8.5.0
    # via uvicorn
cloudpickle==3.1.2
    # via ultralytics
contourpy==1.3.3
    # via matplotlib
cycler==0.12.1
    # via matplotlib
defusedxml==0.7.1
    # via supervision
fastapi==0.141.1
    # via -r backend/requirements.txt
filelock==3.32.6
    # via
    #   torch
    #   ultralytics
fonttools==4.65.0
    # via matplotlib
fsspec==2026.7.0
    # via torch
h11==0.16.0
    # via
    #   httpcore
    #   uvicorn
httpcore==1.0.9
    # via httpx
httptools==0.8.0
    # via uvicorn
httpx==0.28.1
    # via
    #   -r backend/requirements.txt
    #   ultralytics-platform
idna==3.19
    # via
    #   anyio
    #   httpx
    #   requests
iniconfig==2.3.0
    # via pytest
jinja2==3.1.6
    # via torch
kiwisolver==1.5.1
    # via matplotlib
markupsafe==3.0.3
    # via jinja2
matplotlib==3.11.2
    # via
    #   supervision
    #   ultralytics
mpmath==1.3.0
    # via sympy
networkx==3.6.1
    # via torch
numpy==2.3.5
    # via
    #   -r backend/requirements.txt
    #   contourpy
    #   matplotlib
    #   opencv-python
    #   opencv-python-headless
    #   scipy
    #   supervision
    #   torchvision
    #   ultralytics
    #   ultralytics-thop
nvidia-ml-py==13.610.43
    # via ultralytics
opencv-python==4.10.0.84
    # via
    #   supervision
    #   ultralytics
opencv-python-headless==4.14.0.94
    # via -r backend/requirements.txt
packaging==26.3
    # via
    #   matplotlib
    #   pytest
pillow==11.3.0
    # via
    #   matplotlib
    #   supervision
    #   torchvision
    #   ultralytics
pluggy==1.6.0
    # via pytest
polars==1.44.2
    # via ultralytics
polars-runtime-32==1.44.2
    # via polars
psutil==7.2.2
    # via ultralytics
pydantic==2.13.5
    # via
    #   fastapi
    #   pydantic-settings
pydantic-core==2.46.5
    # via pydantic
pydantic-settings==2.15.0
    # via -r backend/requirements.txt
pydeprecate==0.5.0
    # via supervision
pygments==2.21.0
    # via pytest
pyparsing==3.3.2
    # via matplotlib
pytest==9.1.1
    # via -r backend/requirements.txt
python-dateutil==2.9.0.post0
    # via matplotlib
python-dotenv==1.2.3
    # via
    #   pydantic-settings
    #   uvicorn
python-multipart==0.0.32
    # via -r backend/requirements.txt
pyyaml==6.0.3
    # via
    #   supervision
    #   ultralytics
    #   uvicorn
requests==2.34.2
    # via
    #   supervision
    #   ultralytics
scipy==1.17.1
    # via supervision
setuptools==84.0.0
    # via torch
six==1.17.0
    # via python-dateutil
starlette==1.6.0
    # via fastapi
supervision==0.27.0.post2
    # via -r backend/requirements.txt
sympy==1.14.0
    # via torch
torch==2.14.0
    # via
    #   -r backend/requirements.txt
    #   torchvision
    #   ultralytics
    #   ultralytics-thop
torchvision==0.29.0
    # via ultralytics
tqdm==4.70.1
    # via supervision
typing-extensions==4.16.0
    # via
    #   anyio
    #   fastapi
    #   pydantic
    #   pydantic-core
    #   starlette
    #   torch
    #   typing-inspection
typing-inspection==0.4.4
    # via
    #   fastapi
    #   pydantic
    #   pydantic-settings
ultralytics==8.4.150
    # via -r backend/requirements.txt
ultralytics-platform==0.1.40
    # via ultralytics
ultralytics-thop==2.1.6
    # via ultralytics
urllib3==2.7.0
    # via requests
uvicorn==0.52.4
    # via -r backend/requirements.txt
uvloop==0.22.1
    # via uvicorn
watchfiles==1.2.0
    # via uvicorn
websockets==17.1
    # via uvicorn
yt-dlp==2026.8.19
    # via -r backend/requirements.txt
